// !$*UTF8*$!
{
	archiveVersion = 1;
	classes = {
	};
	objectVersion = 77;
	objects = {

/* Begin PBXBuildFile section */
		7F56CEA24096D98AE02FFBF0 /* StudyIntelligence in Frameworks */ = {isa = PBXBuildFile; productRef = 2EBCB31425DC601FFFE85B9B /* StudyIntelligence */; };
		D4428309AC113C062F4FCFDB /* SmolProbe.swift in Sources */ = {isa = PBXBuildFile; fileRef = 7221B39464ABB38CC89AC594 /* SmolProbe.swift */; };
/* End PBXBuildFile section */

/* Begin PBXFileReference section */
		1AAF318EA0CC5B9C68AE7FA9 /* StudyIntelligence */ = {isa = PBXFileReference; lastKnownFileType = folder; name = StudyIntelligence; path = ../Packages/StudyIntelligence; sourceTree = SOURCE_ROOT; };
		7221B39464ABB38CC89AC594 /* SmolProbe.swift */ = {isa = PBXFileReference; lastKnownFileType = sourcecode.swift; path = SmolProbe.swift; sourceTree = "<group>"; };
		AE51D36DAB9CCA34E3BC25A8 /* SmolProbe */ = {isa = PBXFileReference; includeInIndex = 0; path = SmolProbe; sourceTree = BUILT_PRODUCTS_DIR; };
/* End PBXFileReference section */

/* Begin PBXFrameworksBuildPhase section */
		1E1F6F71FE5D5D1855F6155D /* Frameworks */ = {
			isa = PBXFrameworksBuildPhase;
			buildActionMask = 2147483647;
			files = (
				7F56CEA24096D98AE02FFBF0 /* StudyIntelligence in Frameworks */,
			);
			runOnlyForDeploymentPostprocessing = 0;
		};
/* End PBXFrameworksBuildPhase section */

/* Begin PBXGroup section */
		A0E865DA4CBD9A0F78F40FBA /* Products */ = {
			isa = PBXGroup;
			children = (
				AE51D36DAB9CCA34E3BC25A8 /* SmolProbe */,
			);
			name = Products;
			sourceTree = "<group>";
		};
		CDE26605BF8D176381C61FC9 /* Packages */ = {
			isa = PBXGroup;
			children = (
				1AAF318EA0CC5B9C68AE7FA9 /* StudyIntelligence */,
			);
			name = Packages;
			sourceTree = "<group>";
		};
		D64CF0A38D2A17B048FA956C = {
			isa = PBXGroup;
			children = (
				7221B39464ABB38CC89AC594 /* SmolProbe.swift */,
				CDE26605BF8D176381C61FC9 /* Packages */,
				A0E865DA4CBD9A0F78F40FBA /* Products */,
			);
			sourceTree = "<group>";
		};
/* End PBXGroup section */

/* Begin PBXNativeTarget section */
		6EB9C5F27C3FACE985C7B164 /* SmolProbe */ = {
			isa = PBXNativeTarget;
			buildConfigurationList = D3C20F5D3455F3075C974388 /* Build configuration list for PBXNativeTarget "SmolProbe" */;
			buildPhases = (
				9954286F0A8425EFAB2BC079 /* Sources */,
				1E1F6F71FE5D5D1855F6155D /* Frameworks */,
			);
			buildRules = (
			);
			dependencies = (
			);
			name = SmolProbe;
			packageProductDependencies = (
				2EBCB31425DC601FFFE85B9B /* StudyIntelligence */,
			);
			productName = SmolProbe;
			productReference = AE51D36DAB9CCA34E3BC25A8 /* SmolProbe */;
			productType = "com.apple.product-type.tool";
		};
/* End PBXNativeTarget section */

/* Begin PBXProject section */
		7395793023DF932407895D49 /* Project object */ = {
			isa = PBXProject;
			attributes = {
				BuildIndependentTargetsInParallel = YES;
				LastUpgradeCheck = 1430;
				TargetAttributes = {
				};
			};
			buildConfigurationList = 79397E5B7165E681CCC9BBCA /* Build configuration list for PBXProject "SmolProbe" */;
			developmentRegion = en;
			hasScannedForEncodings = 0;
			knownRegions = (
				Base,
				en,
			);
			mainGroup = D64CF0A38D2A17B048FA956C;
			minimizedProjectReferenceProxies = 1;
			packageReferences = (
				79A311B1921F4DA7E4CC803D /* XCLocalSwiftPackageReference "../Packages/StudyIntelligence" */,
			);
			preferredProjectObjectVersion = 77;
			productRefGroup = A0E865DA4CBD9A0F78F40FBA /* Products */;
			projectDirPath = "";
			projectRoot = "";
			targets = (
				6EB9C5F27C3FACE985C7B164 /* SmolProbe */,
			);
		};
/* End PBXProject section */

/* Begin PBXSourcesBuildPhase section */
		9954286F0A8425EFAB2BC079 /* Sources */ = {
			isa = PBXSourcesBuildPhase;
			buildActionMask = 2147483647;
			files = (
				D4428309AC113C062F4FCFDB /* SmolProbe.swift in Sources */,
			);
			runOnlyForDeploymentPostprocessing = 0;
		};
/* End PBXSourcesBuildPhase section */

/* Begin XCBuildConfiguration section */
		3F0E464E2411588FB72B130F /* Debug */ = {
			isa = XCBuildConfiguration;
			buildSettings = {
				ALWAYS_SEARCH_USER_PATHS = NO;
				CLANG_ANALYZER_NONNULL = YES;
				CLANG_ANALYZER_NUMBER_OBJECT_CONVERSION = YES_AGGRESSIVE;
				CLANG_CXX_LANGUAGE_STANDARD = "gnu++14";
				CLANG_CXX_LIBRARY = "libc++";
				CLANG_ENABLE_MODULES = YES;
				CLANG_ENABLE_OBJC_ARC = YES;
				CLANG_ENABLE_OBJC_WEAK = YES;
				CLANG_WARN_BLOCK_CAPTURE_AUTORELEASING = YES;
				CLANG_WARN_BOOL_CONVERSION = YES;
				CLANG_WARN_COMMA = YES;
				CLANG_WARN_CONSTANT_CONVERSION = YES;
				CLANG_WARN_DEPRECATED_OBJC_IMPLEMENTATIONS = YES;
				CLANG_WARN_DIRECT_OBJC_ISA_USAGE = YES_ERROR;
				CLANG_WARN_DOCUMENTATION_COMMENTS = YES;
				CLANG_WARN_EMPTY_BODY = YES;
				CLANG_WARN_ENUM_CONVERSION = YES;
				CLANG_WARN_INFINITE_RECURSION = YES;
				CLANG_WARN_INT_CONVERSION = YES;
				CLANG_WARN_NON_LITERAL_NULL_CONVERSION = YES;
				CLANG_WARN_OBJC_IMPLICIT_RETAIN_SELF = YES;
				CLANG_WARN_OBJC_LITERAL_CONVERSION = YES;
				CLANG_WARN_OBJC_ROOT_CLASS = YES_ERROR;
				CLANG_WARN_QUOTED_INCLUDE_IN_FRAMEWORK_HEADER = YES;
				CLANG_WARN_RANGE_LOOP_ANALYSIS = YES;
				CLANG_WARN_STRICT_PROTOTYPES = YES;
				CLANG_WARN_SUSPICIOUS_MOVE = YES;
				CLANG_WARN_UNGUARDED_AVAILABILITY = YES_AGGRESSIVE;
				CLANG_WARN_UNREACHABLE_CODE = YES;
				CLANG_WARN__DUPLICATE_METHOD_MATCH = YES;
				COPY_PHASE_STRIP = NO;
				DEBUG_INFORMATION_FORMAT = dwarf;
				ENABLE_STRICT_OBJC_MSGSEND = YES;
				ENABLE_TESTABILITY = YES;
				GCC_C_LANGUAGE_STANDARD = gnu11;
				GCC_DYNAMIC_NO_PIC = NO;
				GCC_NO_COMMON_BLOCKS = YES;
				GCC_OPTIMIZATION_LEVEL = 0;
				GCC_PREPROCESSOR_DEFINITIONS = (
					"$(inherited)",
					"DEBUG=1",
				);
				GCC_WARN_64_TO_32_BIT_CONVERSION = YES;
				GCC_WARN_ABOUT_RETURN_TYPE = YES_ERROR;
				GCC_WARN_UNDECLARED_SELECTOR = YES;
				GCC_WARN_UNINITIALIZED_AUTOS = YES_AGGRESSIVE;
				GCC_WARN_UNUSED_FUNCTION = YES;
				GCC_WARN_UNUSED_VARIABLE = YES;
				MTL_ENABLE_DEBUG_INFO = INCLUDE_SOURCE;
				MTL_FAST_MATH = YES;
				ONLY_ACTIVE_ARCH = YES;
				PRODUCT_NAME = "$(TARGET_NAME)";
				SDKROOT = macosx;
				SWIFT_ACTIVE_COMPILATION_CONDITIONS = DEBUG;
				SWIFT_OPTIMIZATION_LEVEL = "-Onone";
				SWIFT_VERSION = 5.0;
			};
			name = Debug;
		};
		98F873ED68F97CA773E33E95 /* Release */ = {
			isa = XCBuildConfiguration;
			buildSettings = {
				ALWAYS_SEARCH_USER_PATHS = NO;
				CLANG_ANALYZER_NONNULL = YES;
				CLANG_ANALYZER_NUMBER_OBJECT_CONVERSION = YES_AGGRESSIVE;
				CLANG_CXX_LANGUAGE_STANDARD = "gnu++14";
				CLANG_CXX_LIBRARY = "libc++";
				CLANG_ENABLE_MODULES = YES;
				CLANG_ENABLE_OBJC_ARC = YES;
				CLANG_ENABLE_OBJC_WEAK = YES;
				CLANG_WARN_BLOCK_CAPTURE_AUTORELEASING = YES;
				CLANG_WARN_BOOL_CONVERSION = YES;
				CLANG_WARN_COMMA = YES;
				CLANG_WARN_CONSTANT_CONVERSION = YES;
				CLANG_WARN_DEPRECATED_OBJC_IMPLEMENTATIONS = YES;
				CLANG_WARN_DIRECT_OBJC_ISA_USAGE = YES_ERROR;
				CLANG_WARN_DOCUMENTATION_COMMENTS = YES;
				CLANG_WARN_EMPTY_BODY = YES;
				CLANG_WARN_ENUM_CONVERSION = YES;
				CLANG_WARN_INFINITE_RECURSION = YES;
				CLANG_WARN_INT_CONVERSION = YES;
				CLANG_WARN_NON_LITERAL_NULL_CONVERSION = YES;
				CLANG_WARN_OBJC_IMPLICIT_RETAIN_SELF = YES;
				CLANG_WARN_OBJC_LITERAL_CONVERSION = YES;
				CLANG_WARN_OBJC_ROOT_CLASS = YES_ERROR;
				CLANG_WARN_QUOTED_INCLUDE_IN_FRAMEWORK_HEADER = YES;
				CLANG_WARN_RANGE_LOOP_ANALYSIS = YES;
				CLANG_WARN_STRICT_PROTOTYPES = YES;
				CLANG_WARN_SUSPICIOUS_MOVE = YES;
				CLANG_WARN_UNGUARDED_AVAILABILITY = YES_AGGRESSIVE;
				CLANG_WARN_UNREACHABLE_CODE = YES;
				CLANG_WARN__DUPLICATE_METHOD_MATCH = YES;
				COPY_PHASE_STRIP = NO;
				DEBUG_INFORMATION_FORMAT = "dwarf-with-dsym";
				ENABLE_NS_ASSERTIONS = NO;
				ENABLE_STRICT_OBJC_MSGSEND = YES;
				GCC_C_LANGUAGE_STANDARD = gnu11;
				GCC_NO_COMMON_BLOCKS = YES;
				GCC_WARN_64_TO_32_BIT_CONVERSION = YES;
				GCC_WARN_ABOUT_RETURN_TYPE = YES_ERROR;
				GCC_WARN_UNDECLARED_SELECTOR = YES;
				GCC_WARN_UNINITIALIZED_AUTOS = YES_AGGRESSIVE;
				GCC_WARN_UNUSED_FUNCTION = YES;
				GCC_WARN_UNUSED_VARIABLE = YES;
				MTL_ENABLE_DEBUG_INFO = NO;
				MTL_FAST_MATH = YES;
				PRODUCT_NAME = "$(TARGET_NAME)";
				SDKROOT = macosx;
				SWIFT_COMPILATION_MODE = wholemodule;
				SWIFT_OPTIMIZATION_LEVEL = "-O";
				SWIFT_VERSION = 5.0;
			};
			name = Release;
		};
		B224D2A6B3FB02CCC4A06E18 /* Debug */ = {
			isa = XCBuildConfiguration;
			buildSettings = {
				CODE_SIGNING_ALLOWED = NO;
				COMBINE_HIDPI_IMAGES = YES;
				LD_RUNPATH_SEARCH_PATHS = (
					"$(inherited)",
					"@executable_path/../Frameworks",
				);
				MACOSX_DEPLOYMENT_TARGET = 26.0;
				SDKROOT = macosx;
				SWIFT_VERSION = 6.0;
			};
			name = Debug;
		};
		BEC63BAB576A71A3433E8DA7 /* Release */ = {
			isa = XCBuildConfiguration;
			buildSettings = {
				CODE_SIGNING_ALLOWED = NO;
				COMBINE_HIDPI_IMAGES = YES;
				LD_RUNPATH_SEARCH_PATHS = (
					"$(inherited)",
					"@executable_path/../Frameworks",
				);
				MACOSX_DEPLOYMENT_TARGET = 26.0;
				SDKROOT = macosx;
				SWIFT_VERSION = 6.0;
			};
			name = Release;
		};
/* End XCBuildConfiguration section */

/* Begin XCConfigurationList section */
		79397E5B7165E681CCC9BBCA /* Build configuration list for PBXProject "SmolProbe" */ = {
			isa = XCConfigurationList;
			buildConfigurations = (
				3F0E464E2411588FB72B130F /* Debug */,
				98F873ED68F97CA773E33E95 /* Release */,
			);
			defaultConfigurationIsVisible = 0;
			defaultConfigurationName = Debug;
		};
		D3C20F5D3455F3075C974388 /* Build configuration list for PBXNativeTarget "SmolProbe" */ = {
			isa = XCConfigurationList;
			buildConfigurations = (
				B224D2A6B3FB02CCC4A06E18 /* Debug */,
				BEC63BAB576A71A3433E8DA7 /* Release */,
			);
			defaultConfigurationIsVisible = 0;
			defaultConfigurationName = Debug;
		};
/* End XCConfigurationList section */

/* Begin XCLocalSwiftPackageReference section */
		79A311B1921F4DA7E4CC803D /* XCLocalSwiftPackageReference "../Packages/StudyIntelligence" */ = {
			isa = XCLocalSwiftPackageReference;
			relativePath = ../Packages/StudyIntelligence;
		};
/* End XCLocalSwiftPackageReference section */

/* Begin XCSwiftPackageProductDependency section */
		2EBCB31425DC601FFFE85B9B /* StudyIntelligence */ = {
			isa = XCSwiftPackageProductDependency;
			productName = StudyIntelligence;
		};
/* End XCSwiftPackageProductDependency section */
	};
	rootObject = 7395793023DF932407895D49 /* Project object */;
}
